
Microsoft Visual Studio Solution File, Format Version 12.00
# Visual Studio Version 17
VisualStudioVersion = 17.13.35931.197 d17.13
MinimumVisualStudioVersion = 10.0.40219.1
Project("{FAE04EC0-301F-11D3-BF4B-00C04F79EFBC}") = "WinFormsApp_ImpUserInterface", "WinFormsApp_ImpUserInterface\WinFormsApp_ImpUserInterface.csproj", "{CC4DDDD3-D341-4695-9013-200BD8DE341F}"
EndProject
Global
	GlobalSection(SolutionConfigurationPlatforms) = preSolution
		Debug|Any CPU = Debug|Any CPU
		Release|Any CPU = Release|Any CPU
	EndGlobalSection
	GlobalSection(ProjectConfigurationPlatforms) = postSolution
		{CC4DDDD3-D341-4695-9013-200BD8DE341F}.Debug|Any CPU.ActiveCfg = Debug|Any CPU
		{CC4DDDD3-D341-4695-9013-200BD8DE341F}.Debug|Any CPU.Build.0 = Debug|Any CPU
		{CC4DDDD3-D341-4695-9013-200BD8DE341F}.Release|Any CPU.ActiveCfg = Release|Any CPU
		{CC4DDDD3-D341-4695-9013-200BD8DE341F}.Release|Any CPU.Build.0 = Release|Any CPU
	EndGlobalSection
	GlobalSection(SolutionProperties) = preSolution
		HideSolutionNode = FALSE
	EndGlobalSection
	GlobalSection(ExtensibilityGlobals) = postSolution
		SolutionGuid = {95A2A318-E32B-42B7-B658-D1A21A745C9D}
	EndGlobalSection
EndGlobal
