
Microsoft Visual Studio Solution File, Format Version 12.00
# Visual Studio Version 17
VisualStudioVersion = 17.13.35931.197 d17.13
MinimumVisualStudioVersion = 10.0.40219.1
Project("{FAE04EC0-301F-11D3-BF4B-00C04F79EFBC}") = "TicTacToe", "TicTacToe\TicTacToe.csproj", "{BF135626-F4A5-40D9-8F7B-CA1935575821}"
EndProject
Global
	GlobalSection(SolutionConfigurationPlatforms) = preSolution
		Debug|Any CPU = Debug|Any CPU
		Release|Any CPU = Release|Any CPU
	EndGlobalSection
	GlobalSection(ProjectConfigurationPlatforms) = postSolution
		{BF135626-F4A5-40D9-8F7B-CA1935575821}.Debug|Any CPU.ActiveCfg = Debug|Any CPU
		{BF135626-F4A5-40D9-8F7B-CA1935575821}.Debug|Any CPU.Build.0 = Debug|Any CPU
		{BF135626-F4A5-40D9-8F7B-CA1935575821}.Release|Any CPU.ActiveCfg = Release|Any CPU
		{BF135626-F4A5-40D9-8F7B-CA1935575821}.Release|Any CPU.Build.0 = Release|Any CPU
	EndGlobalSection
	GlobalSection(SolutionProperties) = preSolution
		HideSolutionNode = FALSE
	EndGlobalSection
	GlobalSection(ExtensibilityGlobals) = postSolution
		SolutionGuid = {6E02643A-82A1-46C4-A8B7-81A92C22D339}
	EndGlobalSection
EndGlobal
